
Microsoft Visual Studio Solution File, Format Version 12.00
# Visual Studio Version 16
VisualStudioVersion = 16.0.31729.503
MinimumVisualStudioVersion = 10.0.40219.1
Project("{FAE04EC0-301F-11D3-BF4B-00C04F79EFBC}") = "RabbitmqQueueProject", "RabbitmqQueueProject\RabbitmqQueueProject.csproj", "{4199077A-1FB2-4BBA-A17F-86F9A24D9CA3}"
EndProject
Project("{FAE04EC0-301F-11D3-BF4B-00C04F79EFBC}") = "RabbitmqConsumer", "RabbitmqConsumer\RabbitmqConsumer.csproj", "{5C075EDB-4075-498E-97CF-762C546B182E}"
EndProject
Project("{FAE04EC0-301F-11D3-BF4B-00C04F79EFBC}") = "Entity", "Entity\Entity.csproj", "{F909BD2A-4DE5-4564-A0BD-4C5DE32A9D6B}"
EndProject
Global
	GlobalSection(SolutionConfigurationPlatforms) = preSolution
		Debug|Any CPU = Debug|Any CPU
		Release|Any CPU = Release|Any CPU
	EndGlobalSection
	GlobalSection(ProjectConfigurationPlatforms) = postSolution
		{4199077A-1FB2-4BBA-A17F-86F9A24D9CA3}.Debug|Any CPU.ActiveCfg = Debug|Any CPU
		{4199077A-1FB2-4BBA-A17F-86F9A24D9CA3}.Debug|Any CPU.Build.0 = Debug|Any CPU
		{4199077A-1FB2-4BBA-A17F-86F9A24D9CA3}.Release|Any CPU.ActiveCfg = Release|Any CPU
		{4199077A-1FB2-4BBA-A17F-86F9A24D9CA3}.Release|Any CPU.Build.0 = Release|Any CPU
		{5C075EDB-4075-498E-97CF-762C546B182E}.Debug|Any CPU.ActiveCfg = Debug|Any CPU
		{5C075EDB-4075-498E-97CF-762C546B182E}.Debug|Any CPU.Build.0 = Debug|Any CPU
		{5C075EDB-4075-498E-97CF-762C546B182E}.Release|Any CPU.ActiveCfg = Release|Any CPU
		{5C075EDB-4075-498E-97CF-762C546B182E}.Release|Any CPU.Build.0 = Release|Any CPU
		{F909BD2A-4DE5-4564-A0BD-4C5DE32A9D6B}.Debug|Any CPU.ActiveCfg = Debug|Any CPU
		{F909BD2A-4DE5-4564-A0BD-4C5DE32A9D6B}.Debug|Any CPU.Build.0 = Debug|Any CPU
		{F909BD2A-4DE5-4564-A0BD-4C5DE32A9D6B}.Release|Any CPU.ActiveCfg = Release|Any CPU
		{F909BD2A-4DE5-4564-A0BD-4C5DE32A9D6B}.Release|Any CPU.Build.0 = Release|Any CPU
	EndGlobalSection
	GlobalSection(SolutionProperties) = preSolution
		HideSolutionNode = FALSE
	EndGlobalSection
	GlobalSection(ExtensibilityGlobals) = postSolution
		SolutionGuid = {4139CA34-A9F2-43BE-B0EA-91C9C83C413D}
	EndGlobalSection
EndGlobal
